
Microsoft Visual Studio Solution File, Format Version 12.00
# Visual Studio Version 17
VisualStudioVersion = 17.9.34701.34
MinimumVisualStudioVersion = 10.0.40219.1
Project("{FAE04EC0-301F-11D3-BF4B-00C04F79EFBC}") = "PREFINAL_ASSIGNMENT_TWO_POKEMON_VALDEZ_KATEASHLEY_BSIT_32E1", "PREFINAL_ASSIGNMENT_TWO_POKEMON_VALDEZ_KATEASHLEY_BSIT_32E1.csproj", "{7E36C33B-5AFC-496D-A06B-5841A2DF9308}"
EndProject
Global
	GlobalSection(SolutionConfigurationPlatforms) = preSolution
		Debug|Any CPU = Debug|Any CPU
		Release|Any CPU = Release|Any CPU
	EndGlobalSection
	GlobalSection(ProjectConfigurationPlatforms) = postSolution
		{7E36C33B-5AFC-496D-A06B-5841A2DF9308}.Debug|Any CPU.ActiveCfg = Debug|Any CPU
		{7E36C33B-5AFC-496D-A06B-5841A2DF9308}.Debug|Any CPU.Build.0 = Debug|Any CPU
		{7E36C33B-5AFC-496D-A06B-5841A2DF9308}.Release|Any CPU.ActiveCfg = Release|Any CPU
		{7E36C33B-5AFC-496D-A06B-5841A2DF9308}.Release|Any CPU.Build.0 = Release|Any CPU
	EndGlobalSection
	GlobalSection(SolutionProperties) = preSolution
		HideSolutionNode = FALSE
	EndGlobalSection
	GlobalSection(ExtensibilityGlobals) = postSolution
		SolutionGuid = {05796D90-5BAF-4D52-B0AF-831D3E1746A0}
	EndGlobalSection
EndGlobal
